// !$*UTF8*$!
{
	archiveVersion = 1;
	classes = {
	};
	objectVersion = 55;
	objects = {

/* Begin PBXBuildFile section */
		C0B2729828BF13A900DD6D05 /* AppDelegate.swift in Sources */ = {isa = PBXBuildFile; fileRef = C0B2729728BF13A900DD6D05 /* AppDelegate.swift */; };
		C0B2729A28BF13A900DD6D05 /* SceneDelegate.swift in Sources */ = {isa = PBXBuildFile; fileRef = C0B2729928BF13A900DD6D05 /* SceneDelegate.swift */; };
		C0B2729C28BF13A900DD6D05 /* HomeViewController.swift in Sources */ = {isa = PBXBuildFile; fileRef = C0B2729B28BF13A900DD6D05 /* HomeViewController.swift */; };
		C0B2729F28BF13A900DD6D05 /* Main.storyboard in Resources */ = {isa = PBXBuildFile; fileRef = C0B2729D28BF13A900DD6D05 /* Main.storyboard */; };
		C0B272A128BF13AA00DD6D05 /* Assets.xcassets in Resources */ = {isa = PBXBuildFile; fileRef = C0B272A028BF13AA00DD6D05 /* Assets.xcassets */; };
		C0B272A428BF13AA00DD6D05 /* LaunchScreen.storyboard in Resources */ = {isa = PBXBuildFile; fileRef = C0B272A228BF13AA00DD6D05 /* LaunchScreen.storyboard */; };
		C0B272AF28BF13AA00DD6D05 /* NASAGalleryTests.swift in Sources */ = {isa = PBXBuildFile; fileRef = C0B272AE28BF13AA00DD6D05 /* NASAGalleryTests.swift */; };
		C0B272B928BF13AA00DD6D05 /* NASAGalleryUITests.swift in Sources */ = {isa = PBXBuildFile; fileRef = C0B272B828BF13AA00DD6D05 /* NASAGalleryUITests.swift */; };
		C0B272BB28BF13AA00DD6D05 /* NASAGalleryUITestsLaunchTests.swift in Sources */ = {isa = PBXBuildFile; fileRef = C0B272BA28BF13AA00DD6D05 /* NASAGalleryUITestsLaunchTests.swift */; };
		C0B272C928BF14E700DD6D05 /* GallareyModel.swift in Sources */ = {isa = PBXBuildFile; fileRef = C0B272C828BF14E700DD6D05 /* GallareyModel.swift */; };
		C0B272CC28BF156900DD6D05 /* NASAJsonFile.json in Resources */ = {isa = PBXBuildFile; fileRef = C0B272CB28BF156900DD6D05 /* NASAJsonFile.json */; };
		C0B272CF28BF190400DD6D05 /* JSonDecoder.swift in Sources */ = {isa = PBXBuildFile; fileRef = C0B272CE28BF190400DD6D05 /* JSonDecoder.swift */; };
		C0B272D128BF1B2600DD6D05 /* HomeViewModel.swift in Sources */ = {isa = PBXBuildFile; fileRef = C0B272D028BF1B2600DD6D05 /* HomeViewModel.swift */; };
		C0B272D728BF29EA00DD6D05 /* ImageGenerator.swift in Sources */ = {isa = PBXBuildFile; fileRef = C0B272D628BF29EA00DD6D05 /* ImageGenerator.swift */; };
		C0B272DA28BF481D00DD6D05 /* ImageHelper.swift in Sources */ = {isa = PBXBuildFile; fileRef = C0B272D928BF481D00DD6D05 /* ImageHelper.swift */; };
		C0B272DC28BF505900DD6D05 /* StringToURL.swift in Sources */ = {isa = PBXBuildFile; fileRef = C0B272DB28BF505900DD6D05 /* StringToURL.swift */; };
		C0B272E028BF718B00DD6D05 /* GalleryCell.swift in Sources */ = {isa = PBXBuildFile; fileRef = C0B272DF28BF718B00DD6D05 /* GalleryCell.swift */; };
		C0B272E328BF838C00DD6D05 /* ShadowForView.swift in Sources */ = {isa = PBXBuildFile; fileRef = C0B272E228BF838C00DD6D05 /* ShadowForView.swift */; };
		C0B272E528BF898E00DD6D05 /* detailedViewController.swift in Sources */ = {isa = PBXBuildFile; fileRef = C0B272E428BF898E00DD6D05 /* detailedViewController.swift */; };
		C0B272E728BF90B300DD6D05 /* DetailedViewModel.swift in Sources */ = {isa = PBXBuildFile; fileRef = C0B272E628BF90B300DD6D05 /* DetailedViewModel.swift */; };
		C0B272E928BFA76400DD6D05 /* CommonCodeViewController.swift in Sources */ = {isa = PBXBuildFile; fileRef = C0B272E828BFA76400DD6D05 /* CommonCodeViewController.swift */; };
		C0B272EB28BFC43100DD6D05 /* MetaDataModel.swift in Sources */ = {isa = PBXBuildFile; fileRef = C0B272EA28BFC43100DD6D05 /* MetaDataModel.swift */; };
		C0B272EE28BFEAAE00DD6D05 /* UIViewAnimation.swift in Sources */ = {isa = PBXBuildFile; fileRef = C0B272ED28BFEAAE00DD6D05 /* UIViewAnimation.swift */; };
/* End PBXBuildFile section */

/* Begin PBXContainerItemProxy section */
		C0B272AB28BF13AA00DD6D05 /* PBXContainerItemProxy */ = {
			isa = PBXContainerItemProxy;
			containerPortal = C0B2728C28BF13A900DD6D05 /* Project object */;
			proxyType = 1;
			remoteGlobalIDString = C0B2729328BF13A900DD6D05;
			remoteInfo = NASAGallery;
		};
		C0B272B528BF13AA00DD6D05 /* PBXContainerItemProxy */ = {
			isa = PBXContainerItemProxy;
			containerPortal = C0B2728C28BF13A900DD6D05 /* Project object */;
			proxyType = 1;
			remoteGlobalIDString = C0B2729328BF13A900DD6D05;
			remoteInfo = NASAGallery;
		};
/* End PBXContainerItemProxy section */

/* Begin PBXFileReference section */
		C0B2729428BF13A900DD6D05 /* NASAGallery.app */ = {isa = PBXFileReference; explicitFileType = wrapper.application; includeInIndex = 0; path = NASAGallery.app; sourceTree = BUILT_PRODUCTS_DIR; };
		C0B2729728BF13A900DD6D05 /* AppDelegate.swift */ = {isa = PBXFileReference; lastKnownFileType = sourcecode.swift; path = AppDelegate.swift; sourceTree = "<group>"; };
		C0B2729928BF13A900DD6D05 /* SceneDelegate.swift */ = {isa = PBXFileReference; lastKnownFileType = sourcecode.swift; path = SceneDelegate.swift; sourceTree = "<group>"; };
		C0B2729B28BF13A900DD6D05 /* HomeViewController.swift */ = {isa = PBXFileReference; lastKnownFileType = sourcecode.swift; path = HomeViewController.swift; sourceTree = "<group>"; };
		C0B2729E28BF13A900DD6D05 /* Base */ = {isa = PBXFileReference; lastKnownFileType = file.storyboard; name = Base; path = Base.lproj/Main.storyboard; sourceTree = "<group>"; };
		C0B272A028BF13AA00DD6D05 /* Assets.xcassets */ = {isa = PBXFileReference; lastKnownFileType = folder.assetcatalog; path = Assets.xcassets; sourceTree = "<group>"; };
		C0B272A328BF13AA00DD6D05 /* Base */ = {isa = PBXFileReference; lastKnownFileType = file.storyboard; name = Base; path = Base.lproj/LaunchScreen.storyboard; sourceTree = "<group>"; };
		C0B272A528BF13AA00DD6D05 /* Info.plist */ = {isa = PBXFileReference; lastKnownFileType = text.plist.xml; path = Info.plist; sourceTree = "<group>"; };
		C0B272AA28BF13AA00DD6D05 /* NASAGalleryTests.xctest */ = {isa = PBXFileReference; explicitFileType = wrapper.cfbundle; includeInIndex = 0; path = NASAGalleryTests.xctest; sourceTree = BUILT_PRODUCTS_DIR; };
		C0B272AE28BF13AA00DD6D05 /* NASAGalleryTests.swift */ = {isa = PBXFileReference; lastKnownFileType = sourcecode.swift; path = NASAGalleryTests.swift; sourceTree = "<group>"; };
		C0B272B428BF13AA00DD6D05 /* NASAGalleryUITests.xctest */ = {isa = PBXFileReference; explicitFileType = wrapper.cfbundle; includeInIndex = 0; path = NASAGalleryUITests.xctest; sourceTree = BUILT_PRODUCTS_DIR; };
		C0B272B828BF13AA00DD6D05 /* NASAGalleryUITests.swift */ = {isa = PBXFileReference; lastKnownFileType = sourcecode.swift; path = NASAGalleryUITests.swift; sourceTree = "<group>"; };
		C0B272BA28BF13AA00DD6D05 /* NASAGalleryUITestsLaunchTests.swift */ = {isa = PBXFileReference; lastKnownFileType = sourcecode.swift; path = NASAGalleryUITestsLaunchTests.swift; sourceTree = "<group>"; };
		C0B272C828BF14E700DD6D05 /* GallareyModel.swift */ = {isa = PBXFileReference; lastKnownFileType = sourcecode.swift; path = GallareyModel.swift; sourceTree = "<group>"; };
		C0B272CB28BF156900DD6D05 /* NASAJsonFile.json */ = {isa = PBXFileReference; lastKnownFileType = text.json; path = NASAJsonFile.json; sourceTree = "<group>"; xcLanguageSpecificationIdentifier = xcode.lang.json; };
		C0B272CE28BF190400DD6D05 /* JSonDecoder.swift */ = {isa = PBXFileReference; lastKnownFileType = sourcecode.swift; path = JSonDecoder.swift; sourceTree = "<group>"; };
		C0B272D028BF1B2600DD6D05 /* HomeViewModel.swift */ = {isa = PBXFileReference; lastKnownFileType = sourcecode.swift; path = HomeViewModel.swift; sourceTree = "<group>"; };
		C0B272D628BF29EA00DD6D05 /* ImageGenerator.swift */ = {isa = PBXFileReference; lastKnownFileType = sourcecode.swift; path = ImageGenerator.swift; sourceTree = "<group>"; };
		C0B272D928BF481D00DD6D05 /* ImageHelper.swift */ = {isa = PBXFileReference; lastKnownFileType = sourcecode.swift; path = ImageHelper.swift; sourceTree = "<group>"; };
		C0B272DB28BF505900DD6D05 /* StringToURL.swift */ = {isa = PBXFileReference; lastKnownFileType = sourcecode.swift; path = StringToURL.swift; sourceTree = "<group>"; };
		C0B272DF28BF718B00DD6D05 /* GalleryCell.swift */ = {isa = PBXFileReference; lastKnownFileType = sourcecode.swift; path = GalleryCell.swift; sourceTree = "<group>"; };
		C0B272E228BF838C00DD6D05 /* ShadowForView.swift */ = {isa = PBXFileReference; lastKnownFileType = sourcecode.swift; path = ShadowForView.swift; sourceTree = "<group>"; };
		C0B272E428BF898E00DD6D05 /* detailedViewController.swift */ = {isa = PBXFileReference; lastKnownFileType = sourcecode.swift; path = detailedViewController.swift; sourceTree = "<group>"; };
		C0B272E628BF90B300DD6D05 /* DetailedViewModel.swift */ = {isa = PBXFileReference; lastKnownFileType = sourcecode.swift; path = DetailedViewModel.swift; sourceTree = "<group>"; };
		C0B272E828BFA76400DD6D05 /* CommonCodeViewController.swift */ = {isa = PBXFileReference; lastKnownFileType = sourcecode.swift; path = CommonCodeViewController.swift; sourceTree = "<group>"; };
		C0B272EA28BFC43100DD6D05 /* MetaDataModel.swift */ = {isa = PBXFileReference; lastKnownFileType = sourcecode.swift; path = MetaDataModel.swift; sourceTree = "<group>"; };
		C0B272ED28BFEAAE00DD6D05 /* UIViewAnimation.swift */ = {isa = PBXFileReference; lastKnownFileType = sourcecode.swift; path = UIViewAnimation.swift; sourceTree = "<group>"; };
/* End PBXFileReference section */

/* Begin PBXFrameworksBuildPhase section */
		C0B2729128BF13A900DD6D05 /* Frameworks */ = {
			isa = PBXFrameworksBuildPhase;
			buildActionMask = 2147483647;
			files = (
			);
			runOnlyForDeploymentPostprocessing = 0;
		};
		C0B272A728BF13AA00DD6D05 /* Frameworks */ = {
			isa = PBXFrameworksBuildPhase;
			buildActionMask = 2147483647;
			files = (
			);
			runOnlyForDeploymentPostprocessing = 0;
		};
		C0B272B128BF13AA00DD6D05 /* Frameworks */ = {
			isa = PBXFrameworksBuildPhase;
			buildActionMask = 2147483647;
			files = (
			);
			runOnlyForDeploymentPostprocessing = 0;
		};
/* End PBXFrameworksBuildPhase section */

/* Begin PBXGroup section */
		C0B2728B28BF13A900DD6D05 = {
			isa = PBXGroup;
			children = (
				C0B2729628BF13A900DD6D05 /* NASAGallery */,
				C0B272AD28BF13AA00DD6D05 /* NASAGalleryTests */,
				C0B272B728BF13AA00DD6D05 /* NASAGalleryUITests */,
				C0B2729528BF13A900DD6D05 /* Products */,
			);
			sourceTree = "<group>";
		};
		C0B2729528BF13A900DD6D05 /* Products */ = {
			isa = PBXGroup;
			children = (
				C0B2729428BF13A900DD6D05 /* NASAGallery.app */,
				C0B272AA28BF13AA00DD6D05 /* NASAGalleryTests.xctest */,
				C0B272B428BF13AA00DD6D05 /* NASAGalleryUITests.xctest */,
			);
			name = Products;
			sourceTree = "<group>";
		};
		C0B2729628BF13A900DD6D05 /* NASAGallery */ = {
			isa = PBXGroup;
			children = (
				C0B272EC28BFEA9B00DD6D05 /* UiViewAnimation */,
				C0B272E128BF837900DD6D05 /* shadowForView */,
				C0B272DE28BF717400DD6D05 /* collectionViewCell */,
				C0B272DD28BF715700DD6D05 /* viewConctollers */,
				C0B272D828BF480700DD6D05 /* ImageHelper */,
				C0B272D528BF29D100DD6D05 /* UrlSessionHelper */,
				C0B272CD28BF18D600DD6D05 /* JsonDecoder */,
				C0B272CA28BF151C00DD6D05 /* JsonData */,
				C0B272C728BF14BD00DD6D05 /* ViewModel */,
				C0B2729728BF13A900DD6D05 /* AppDelegate.swift */,
				C0B2729928BF13A900DD6D05 /* SceneDelegate.swift */,
				C0B2729D28BF13A900DD6D05 /* Main.storyboard */,
				C0B272A028BF13AA00DD6D05 /* Assets.xcassets */,
				C0B272A228BF13AA00DD6D05 /* LaunchScreen.storyboard */,
				C0B272A528BF13AA00DD6D05 /* Info.plist */,
				C0B272DB28BF505900DD6D05 /* StringToURL.swift */,
				C0B272E828BFA76400DD6D05 /* CommonCodeViewController.swift */,
			);
			path = NASAGallery;
			sourceTree = "<group>";
		};
		C0B272AD28BF13AA00DD6D05 /* NASAGalleryTests */ = {
			isa = PBXGroup;
			children = (
				C0B272AE28BF13AA00DD6D05 /* NASAGalleryTests.swift */,
			);
			path = NASAGalleryTests;
			sourceTree = "<group>";
		};
		C0B272B728BF13AA00DD6D05 /* NASAGalleryUITests */ = {
			isa = PBXGroup;
			children = (
				C0B272B828BF13AA00DD6D05 /* NASAGalleryUITests.swift */,
				C0B272BA28BF13AA00DD6D05 /* NASAGalleryUITestsLaunchTests.swift */,
			);
			path = NASAGalleryUITests;
			sourceTree = "<group>";
		};
		C0B272C728BF14BD00DD6D05 /* ViewModel */ = {
			isa = PBXGroup;
			children = (
				C0B272C828BF14E700DD6D05 /* GallareyModel.swift */,
				C0B272EA28BFC43100DD6D05 /* MetaDataModel.swift */,
				C0B272D028BF1B2600DD6D05 /* HomeViewModel.swift */,
				C0B272E628BF90B300DD6D05 /* DetailedViewModel.swift */,
			);
			path = ViewModel;
			sourceTree = "<group>";
		};
		C0B272CA28BF151C00DD6D05 /* JsonData */ = {
			isa = PBXGroup;
			children = (
				C0B272CB28BF156900DD6D05 /* NASAJsonFile.json */,
			);
			path = JsonData;
			sourceTree = "<group>";
		};
		C0B272CD28BF18D600DD6D05 /* JsonDecoder */ = {
			isa = PBXGroup;
			children = (
				C0B272CE28BF190400DD6D05 /* JSonDecoder.swift */,
			);
			path = JsonDecoder;
			sourceTree = "<group>";
		};
		C0B272D528BF29D100DD6D05 /* UrlSessionHelper */ = {
			isa = PBXGroup;
			children = (
				C0B272D628BF29EA00DD6D05 /* ImageGenerator.swift */,
			);
			path = UrlSessionHelper;
			sourceTree = "<group>";
		};
		C0B272D828BF480700DD6D05 /* ImageHelper */ = {
			isa = PBXGroup;
			children = (
				C0B272D928BF481D00DD6D05 /* ImageHelper.swift */,
			);
			path = ImageHelper;
			sourceTree = "<group>";
		};
		C0B272DD28BF715700DD6D05 /* viewConctollers */ = {
			isa = PBXGroup;
			children = (
				C0B2729B28BF13A900DD6D05 /* HomeViewController.swift */,
				C0B272E428BF898E00DD6D05 /* detailedViewController.swift */,
			);
			path = viewConctollers;
			sourceTree = "<group>";
		};
		C0B272DE28BF717400DD6D05 /* collectionViewCell */ = {
			isa = PBXGroup;
			children = (
				C0B272DF28BF718B00DD6D05 /* GalleryCell.swift */,
			);
			path = collectionViewCell;
			sourceTree = "<group>";
		};
		C0B272E128BF837900DD6D05 /* shadowForView */ = {
			isa = PBXGroup;
			children = (
				C0B272E228BF838C00DD6D05 /* ShadowForView.swift */,
			);
			path = shadowForView;
			sourceTree = "<group>";
		};
		C0B272EC28BFEA9B00DD6D05 /* UiViewAnimation */ = {
			isa = PBXGroup;
			children = (
				C0B272ED28BFEAAE00DD6D05 /* UIViewAnimation.swift */,
			);
			path = UiViewAnimation;
			sourceTree = "<group>";
		};
/* End PBXGroup section */

/* Begin PBXNativeTarget section */
		C0B2729328BF13A900DD6D05 /* NASAGallery */ = {
			isa = PBXNativeTarget;
			buildConfigurationList = C0B272BE28BF13AA00DD6D05 /* Build configuration list for PBXNativeTarget "NASAGallery" */;
			buildPhases = (
				C0B2729028BF13A900DD6D05 /* Sources */,
				C0B2729128BF13A900DD6D05 /* Frameworks */,
				C0B2729228BF13A900DD6D05 /* Resources */,
			);
			buildRules = (
			);
			dependencies = (
			);
			name = NASAGallery;
			productName = NASAGallery;
			productReference = C0B2729428BF13A900DD6D05 /* NASAGallery.app */;
			productType = "com.apple.product-type.application";
		};
		C0B272A928BF13AA00DD6D05 /* NASAGalleryTests */ = {
			isa = PBXNativeTarget;
			buildConfigurationList = C0B272C128BF13AA00DD6D05 /* Build configuration list for PBXNativeTarget "NASAGalleryTests" */;
			buildPhases = (
				C0B272A628BF13AA00DD6D05 /* Sources */,
				C0B272A728BF13AA00DD6D05 /* Frameworks */,
				C0B272A828BF13AA00DD6D05 /* Resources */,
			);
			buildRules = (
			);
			dependencies = (
				C0B272AC28BF13AA00DD6D05 /* PBXTargetDependency */,
			);
			name = NASAGalleryTests;
			productName = NASAGalleryTests;
			productReference = C0B272AA28BF13AA00DD6D05 /* NASAGalleryTests.xctest */;
			productType = "com.apple.product-type.bundle.unit-test";
		};
		C0B272B328BF13AA00DD6D05 /* NASAGalleryUITests */ = {
			isa = PBXNativeTarget;
			buildConfigurationList = C0B272C428BF13AA00DD6D05 /* Build configuration list for PBXNativeTarget "NASAGalleryUITests" */;
			buildPhases = (
				C0B272B028BF13AA00DD6D05 /* Sources */,
				C0B272B128BF13AA00DD6D05 /* Frameworks */,
				C0B272B228BF13AA00DD6D05 /* Resources */,
			);
			buildRules = (
			);
			dependencies = (
				C0B272B628BF13AA00DD6D05 /* PBXTargetDependency */,
			);
			name = NASAGalleryUITests;
			productName = NASAGalleryUITests;
			productReference = C0B272B428BF13AA00DD6D05 /* NASAGalleryUITests.xctest */;
			productType = "com.apple.product-type.bundle.ui-testing";
		};
/* End PBXNativeTarget section */

/* Begin PBXProject section */
		C0B2728C28BF13A900DD6D05 /* Project object */ = {
			isa = PBXProject;
			attributes = {
				BuildIndependentTargetsInParallel = 1;
				LastSwiftUpdateCheck = 1340;
				LastUpgradeCheck = 1340;
				TargetAttributes = {
					C0B2729328BF13A900DD6D05 = {
						CreatedOnToolsVersion = 13.4.1;
					};
					C0B272A928BF13AA00DD6D05 = {
						CreatedOnToolsVersion = 13.4.1;
						TestTargetID = C0B2729328BF13A900DD6D05;
					};
					C0B272B328BF13AA00DD6D05 = {
						CreatedOnToolsVersion = 13.4.1;
						TestTargetID = C0B2729328BF13A900DD6D05;
					};
				};
			};
			buildConfigurationList = C0B2728F28BF13A900DD6D05 /* Build configuration list for PBXProject "NASAGallery" */;
			compatibilityVersion = "Xcode 13.0";
			developmentRegion = en;
			hasScannedForEncodings = 0;
			knownRegions = (
				en,
				Base,
			);
			mainGroup = C0B2728B28BF13A900DD6D05;
			productRefGroup = C0B2729528BF13A900DD6D05 /* Products */;
			projectDirPath = "";
			projectRoot = "";
			targets = (
				C0B2729328BF13A900DD6D05 /* NASAGallery */,
				C0B272A928BF13AA00DD6D05 /* NASAGalleryTests */,
				C0B272B328BF13AA00DD6D05 /* NASAGalleryUITests */,
			);
		};
/* End PBXProject section */

/* Begin PBXResourcesBuildPhase section */
		C0B2729228BF13A900DD6D05 /* Resources */ = {
			isa = PBXResourcesBuildPhase;
			buildActionMask = 2147483647;
			files = (
				C0B272A428BF13AA00DD6D05 /* LaunchScreen.storyboard in Resources */,
				C0B272A128BF13AA00DD6D05 /* Assets.xcassets in Resources */,
				C0B272CC28BF156900DD6D05 /* NASAJsonFile.json in Resources */,
				C0B2729F28BF13A900DD6D05 /* Main.storyboard in Resources */,
			);
			runOnlyForDeploymentPostprocessing = 0;
		};
		C0B272A828BF13AA00DD6D05 /* Resources */ = {
			isa = PBXResourcesBuildPhase;
			buildActionMask = 2147483647;
			files = (
			);
			runOnlyForDeploymentPostprocessing = 0;
		};
		C0B272B228BF13AA00DD6D05 /* Resources */ = {
			isa = PBXResourcesBuildPhase;
			buildActionMask = 2147483647;
			files = (
			);
			runOnlyForDeploymentPostprocessing = 0;
		};
/* End PBXResourcesBuildPhase section */

/* Begin PBXSourcesBuildPhase section */
		C0B2729028BF13A900DD6D05 /* Sources */ = {
			isa = PBXSourcesBuildPhase;
			buildActionMask = 2147483647;
			files = (
				C0B272C928BF14E700DD6D05 /* GallareyModel.swift in Sources */,
				C0B272D128BF1B2600DD6D05 /* HomeViewModel.swift in Sources */,
				C0B272E328BF838C00DD6D05 /* ShadowForView.swift in Sources */,
				C0B272EB28BFC43100DD6D05 /* MetaDataModel.swift in Sources */,
				C0B272E028BF718B00DD6D05 /* GalleryCell.swift in Sources */,
				C0B272E728BF90B300DD6D05 /* DetailedViewModel.swift in Sources */,
				C0B2729C28BF13A900DD6D05 /* HomeViewController.swift in Sources */,
				C0B272D728BF29EA00DD6D05 /* ImageGenerator.swift in Sources */,
				C0B272E528BF898E00DD6D05 /* detailedViewController.swift in Sources */,
				C0B272EE28BFEAAE00DD6D05 /* UIViewAnimation.swift in Sources */,
				C0B272E928BFA76400DD6D05 /* CommonCodeViewController.swift in Sources */,
				C0B2729828BF13A900DD6D05 /* AppDelegate.swift in Sources */,
				C0B272DC28BF505900DD6D05 /* StringToURL.swift in Sources */,
				C0B2729A28BF13A900DD6D05 /* SceneDelegate.swift in Sources */,
				C0B272CF28BF190400DD6D05 /* JSonDecoder.swift in Sources */,
				C0B272DA28BF481D00DD6D05 /* ImageHelper.swift in Sources */,
			);
			runOnlyForDeploymentPostprocessing = 0;
		};
		C0B272A628BF13AA00DD6D05 /* Sources */ = {
			isa = PBXSourcesBuildPhase;
			buildActionMask = 2147483647;
			files = (
				C0B272AF28BF13AA00DD6D05 /* NASAGalleryTests.swift in Sources */,
			);
			runOnlyForDeploymentPostprocessing = 0;
		};
		C0B272B028BF13AA00DD6D05 /* Sources */ = {
			isa = PBXSourcesBuildPhase;
			buildActionMask = 2147483647;
			files = (
				C0B272BB28BF13AA00DD6D05 /* NASAGalleryUITestsLaunchTests.swift in Sources */,
				C0B272B928BF13AA00DD6D05 /* NASAGalleryUITests.swift in Sources */,
			);
			runOnlyForDeploymentPostprocessing = 0;
		};
/* End PBXSourcesBuildPhase section */

/* Begin PBXTargetDependency section */
		C0B272AC28BF13AA00DD6D05 /* PBXTargetDependency */ = {
			isa = PBXTargetDependency;
			target = C0B2729328BF13A900DD6D05 /* NASAGallery */;
			targetProxy = C0B272AB28BF13AA00DD6D05 /* PBXContainerItemProxy */;
		};
		C0B272B628BF13AA00DD6D05 /* PBXTargetDependency */ = {
			isa = PBXTargetDependency;
			target = C0B2729328BF13A900DD6D05 /* NASAGallery */;
			targetProxy = C0B272B528BF13AA00DD6D05 /* PBXContainerItemProxy */;
		};
/* End PBXTargetDependency section */

/* Begin PBXVariantGroup section */
		C0B2729D28BF13A900DD6D05 /* Main.storyboard */ = {
			isa = PBXVariantGroup;
			children = (
				C0B2729E28BF13A900DD6D05 /* Base */,
			);
			name = Main.storyboard;
			sourceTree = "<group>";
		};
		C0B272A228BF13AA00DD6D05 /* LaunchScreen.storyboard */ = {
			isa = PBXVariantGroup;
			children = (
				C0B272A328BF13AA00DD6D05 /* Base */,
			);
			name = LaunchScreen.storyboard;
			sourceTree = "<group>";
		};
/* End PBXVariantGroup section */

/* Begin XCBuildConfiguration section */
		C0B272BC28BF13AA00DD6D05 /* Debug */ = {
			isa = XCBuildConfiguration;
			buildSettings = {
				ALWAYS_SEARCH_USER_PATHS = NO;
				CLANG_ANALYZER_NONNULL = YES;
				CLANG_ANALYZER_NUMBER_OBJECT_CONVERSION = YES_AGGRESSIVE;
				CLANG_CXX_LANGUAGE_STANDARD = "gnu++17";
				CLANG_ENABLE_MODULES = YES;
				CLANG_ENABLE_OBJC_ARC = YES;
				CLANG_ENABLE_OBJC_WEAK = YES;
				CLANG_WARN_BLOCK_CAPTURE_AUTORELEASING = YES;
				CLANG_WARN_BOOL_CONVERSION = YES;
				CLANG_WARN_COMMA = YES;
				CLANG_WARN_CONSTANT_CONVERSION = YES;
				CLANG_WARN_DEPRECATED_OBJC_IMPLEMENTATIONS = YES;
				CLANG_WARN_DIRECT_OBJC_ISA_USAGE = YES_ERROR;
				CLANG_WARN_DOCUMENTATION_COMMENTS = YES;
				CLANG_WARN_EMPTY_BODY = YES;
				CLANG_WARN_ENUM_CONVERSION = YES;
				CLANG_WARN_INFINITE_RECURSION = YES;
				CLANG_WARN_INT_CONVERSION = YES;
				CLANG_WARN_NON_LITERAL_NULL_CONVERSION = YES;
				CLANG_WARN_OBJC_IMPLICIT_RETAIN_SELF = YES;
				CLANG_WARN_OBJC_LITERAL_CONVERSION = YES;
				CLANG_WARN_OBJC_ROOT_CLASS = YES_ERROR;
				CLANG_WARN_QUOTED_INCLUDE_IN_FRAMEWORK_HEADER = YES;
				CLANG_WARN_RANGE_LOOP_ANALYSIS = YES;
				CLANG_WARN_STRICT_PROTOTYPES = YES;
				CLANG_WARN_SUSPICIOUS_MOVE = YES;
				CLANG_WARN_UNGUARDED_AVAILABILITY = YES_AGGRESSIVE;
				CLANG_WARN_UNREACHABLE_CODE = YES;
				CLANG_WARN__DUPLICATE_METHOD_MATCH = YES;
				COPY_PHASE_STRIP = NO;
				DEBUG_INFORMATION_FORMAT = dwarf;
				ENABLE_STRICT_OBJC_MSGSEND = YES;
				ENABLE_TESTABILITY = YES;
				GCC_C_LANGUAGE_STANDARD = gnu11;
				GCC_DYNAMIC_NO_PIC = NO;
				GCC_NO_COMMON_BLOCKS = YES;
				GCC_OPTIMIZATION_LEVEL = 0;
				GCC_PREPROCESSOR_DEFINITIONS = (
					"DEBUG=1",
					"$(inherited)",
				);
				GCC_WARN_64_TO_32_BIT_CONVERSION = YES;
				GCC_WARN_ABOUT_RETURN_TYPE = YES_ERROR;
				GCC_WARN_UNDECLARED_SELECTOR = YES;
				GCC_WARN_UNINITIALIZED_AUTOS = YES_AGGRESSIVE;
				GCC_WARN_UNUSED_FUNCTION = YES;
				GCC_WARN_UNUSED_VARIABLE = YES;
				IPHONEOS_DEPLOYMENT_TARGET = 15.5;
				MTL_ENABLE_DEBUG_INFO = INCLUDE_SOURCE;
				MTL_FAST_MATH = YES;
				ONLY_ACTIVE_ARCH = YES;
				SDKROOT = iphoneos;
				SWIFT_ACTIVE_COMPILATION_CONDITIONS = DEBUG;
				SWIFT_OPTIMIZATION_LEVEL = "-Onone";
			};
			name = Debug;
		};
		C0B272BD28BF13AA00DD6D05 /* Release */ = {
			isa = XCBuildConfiguration;
			buildSettings = {
				ALWAYS_SEARCH_USER_PATHS = NO;
				CLANG_ANALYZER_NONNULL = YES;
				CLANG_ANALYZER_NUMBER_OBJECT_CONVERSION = YES_AGGRESSIVE;
				CLANG_CXX_LANGUAGE_STANDARD = "gnu++17";
				CLANG_ENABLE_MODULES = YES;
				CLANG_ENABLE_OBJC_ARC = YES;
				CLANG_ENABLE_OBJC_WEAK = YES;
				CLANG_WARN_BLOCK_CAPTURE_AUTORELEASING = YES;
				CLANG_WARN_BOOL_CONVERSION = YES;
				CLANG_WARN_COMMA = YES;
				CLANG_WARN_CONSTANT_CONVERSION = YES;
				CLANG_WARN_DEPRECATED_OBJC_IMPLEMENTATIONS = YES;
				CLANG_WARN_DIRECT_OBJC_ISA_USAGE = YES_ERROR;
				CLANG_WARN_DOCUMENTATION_COMMENTS = YES;
				CLANG_WARN_EMPTY_BODY = YES;
				CLANG_WARN_ENUM_CONVERSION = YES;
				CLANG_WARN_INFINITE_RECURSION = YES;
				CLANG_WARN_INT_CONVERSION = YES;
				CLANG_WARN_NON_LITERAL_NULL_CONVERSION = YES;
				CLANG_WARN_OBJC_IMPLICIT_RETAIN_SELF = YES;
				CLANG_WARN_OBJC_LITERAL_CONVERSION = YES;
				CLANG_WARN_OBJC_ROOT_CLASS = YES_ERROR;
				CLANG_WARN_QUOTED_INCLUDE_IN_FRAMEWORK_HEADER = YES;
				CLANG_WARN_RANGE_LOOP_ANALYSIS = YES;
				CLANG_WARN_STRICT_PROTOTYPES = YES;
				CLANG_WARN_SUSPICIOUS_MOVE = YES;
				CLANG_WARN_UNGUARDED_AVAILABILITY = YES_AGGRESSIVE;
				CLANG_WARN_UNREACHABLE_CODE = YES;
				CLANG_WARN__DUPLICATE_METHOD_MATCH = YES;
				COPY_PHASE_STRIP = NO;
				DEBUG_INFORMATION_FORMAT = "dwarf-with-dsym";
				ENABLE_NS_ASSERTIONS = NO;
				ENABLE_STRICT_OBJC_MSGSEND = YES;
				GCC_C_LANGUAGE_STANDARD = gnu11;
				GCC_NO_COMMON_BLOCKS = YES;
				GCC_WARN_64_TO_32_BIT_CONVERSION = YES;
				GCC_WARN_ABOUT_RETURN_TYPE = YES_ERROR;
				GCC_WARN_UNDECLARED_SELECTOR = YES;
				GCC_WARN_UNINITIALIZED_AUTOS = YES_AGGRESSIVE;
				GCC_WARN_UNUSED_FUNCTION = YES;
				GCC_WARN_UNUSED_VARIABLE = YES;
				IPHONEOS_DEPLOYMENT_TARGET = 15.5;
				MTL_ENABLE_DEBUG_INFO = NO;
				MTL_FAST_MATH = YES;
				SDKROOT = iphoneos;
				SWIFT_COMPILATION_MODE = wholemodule;
				SWIFT_OPTIMIZATION_LEVEL = "-O";
				VALIDATE_PRODUCT = YES;
			};
			name = Release;
		};
		C0B272BF28BF13AA00DD6D05 /* Debug */ = {
			isa = XCBuildConfiguration;
			buildSettings = {
				ASSETCATALOG_COMPILER_APPICON_NAME = AppIcon;
				ASSETCATALOG_COMPILER_GLOBAL_ACCENT_COLOR_NAME = AccentColor;
				CODE_SIGN_STYLE = Automatic;
				CURRENT_PROJECT_VERSION = 1;
				DEVELOPMENT_TEAM = CHSQWDTYR9;
				GENERATE_INFOPLIST_FILE = YES;
				INFOPLIST_FILE = NASAGallery/Info.plist;
				INFOPLIST_KEY_UIApplicationSupportsIndirectInputEvents = YES;
				INFOPLIST_KEY_UILaunchStoryboardName = LaunchScreen;
				INFOPLIST_KEY_UIMainStoryboardFile = Main;
				INFOPLIST_KEY_UISupportedInterfaceOrientations_iPad = "UIInterfaceOrientationPortrait UIInterfaceOrientationPortraitUpsideDown UIInterfaceOrientationLandscapeLeft UIInterfaceOrientationLandscapeRight";
				INFOPLIST_KEY_UISupportedInterfaceOrientations_iPhone = "UIInterfaceOrientationPortrait UIInterfaceOrientationLandscapeLeft UIInterfaceOrientationLandscapeRight";
				LD_RUNPATH_SEARCH_PATHS = (
					"$(inherited)",
					"@executable_path/Frameworks",
				);
				MARKETING_VERSION = 1.0;
				PRODUCT_BUNDLE_IDENTIFIER = ahdivio.NASAGallery;
				PRODUCT_NAME = "$(TARGET_NAME)";
				SWIFT_EMIT_LOC_STRINGS = YES;
				SWIFT_VERSION = 5.0;
				TARGETED_DEVICE_FAMILY = "1,2";
			};
			name = Debug;
		};
		C0B272C028BF13AA00DD6D05 /* Release */ = {
			isa = XCBuildConfiguration;
			buildSettings = {
				ASSETCATALOG_COMPILER_APPICON_NAME = AppIcon;
				ASSETCATALOG_COMPILER_GLOBAL_ACCENT_COLOR_NAME = AccentColor;
				CODE_SIGN_STYLE = Automatic;
				CURRENT_PROJECT_VERSION = 1;
				DEVELOPMENT_TEAM = CHSQWDTYR9;
				GENERATE_INFOPLIST_FILE = YES;
				INFOPLIST_FILE = NASAGallery/Info.plist;
				INFOPLIST_KEY_UIApplicationSupportsIndirectInputEvents = YES;
				INFOPLIST_KEY_UILaunchStoryboardName = LaunchScreen;
				INFOPLIST_KEY_UIMainStoryboardFile = Main;
				INFOPLIST_KEY_UISupportedInterfaceOrientations_iPad = "UIInterfaceOrientationPortrait UIInterfaceOrientationPortraitUpsideDown UIInterfaceOrientationLandscapeLeft UIInterfaceOrientationLandscapeRight";
				INFOPLIST_KEY_UISupportedInterfaceOrientations_iPhone = "UIInterfaceOrientationPortrait UIInterfaceOrientationLandscapeLeft UIInterfaceOrientationLandscapeRight";
				LD_RUNPATH_SEARCH_PATHS = (
					"$(inherited)",
					"@executable_path/Frameworks",
				);
				MARKETING_VERSION = 1.0;
				PRODUCT_BUNDLE_IDENTIFIER = ahdivio.NASAGallery;
				PRODUCT_NAME = "$(TARGET_NAME)";
				SWIFT_EMIT_LOC_STRINGS = YES;
				SWIFT_VERSION = 5.0;
				TARGETED_DEVICE_FAMILY = "1,2";
			};
			name = Release;
		};
		C0B272C228BF13AA00DD6D05 /* Debug */ = {
			isa = XCBuildConfiguration;
			buildSettings = {
				ALWAYS_EMBED_SWIFT_STANDARD_LIBRARIES = YES;
				BUNDLE_LOADER = "$(TEST_HOST)";
				CODE_SIGN_STYLE = Automatic;
				CURRENT_PROJECT_VERSION = 1;
				DEVELOPMENT_TEAM = CHSQWDTYR9;
				GENERATE_INFOPLIST_FILE = YES;
				IPHONEOS_DEPLOYMENT_TARGET = 15.5;
				MARKETING_VERSION = 1.0;
				PRODUCT_BUNDLE_IDENTIFIER = ahdivio.NASAGalleryTests;
				PRODUCT_NAME = "$(TARGET_NAME)";
				SWIFT_EMIT_LOC_STRINGS = NO;
				SWIFT_VERSION = 5.0;
				TARGETED_DEVICE_FAMILY = "1,2";
				TEST_HOST = "$(BUILT_PRODUCTS_DIR)/NASAGallery.app/NASAGallery";
			};
			name = Debug;
		};
		C0B272C328BF13AA00DD6D05 /* Release */ = {
			isa = XCBuildConfiguration;
			buildSettings = {
				ALWAYS_EMBED_SWIFT_STANDARD_LIBRARIES = YES;
				BUNDLE_LOADER = "$(TEST_HOST)";
				CODE_SIGN_STYLE = Automatic;
				CURRENT_PROJECT_VERSION = 1;
				DEVELOPMENT_TEAM = CHSQWDTYR9;
				GENERATE_INFOPLIST_FILE = YES;
				IPHONEOS_DEPLOYMENT_TARGET = 15.5;
				MARKETING_VERSION = 1.0;
				PRODUCT_BUNDLE_IDENTIFIER = ahdivio.NASAGalleryTests;
				PRODUCT_NAME = "$(TARGET_NAME)";
				SWIFT_EMIT_LOC_STRINGS = NO;
				SWIFT_VERSION = 5.0;
				TARGETED_DEVICE_FAMILY = "1,2";
				TEST_HOST = "$(BUILT_PRODUCTS_DIR)/NASAGallery.app/NASAGallery";
			};
			name = Release;
		};
		C0B272C528BF13AA00DD6D05 /* Debug */ = {
			isa = XCBuildConfiguration;
			buildSettings = {
				ALWAYS_EMBED_SWIFT_STANDARD_LIBRARIES = YES;
				CODE_SIGN_STYLE = Automatic;
				CURRENT_PROJECT_VERSION = 1;
				DEVELOPMENT_TEAM = CHSQWDTYR9;
				GENERATE_INFOPLIST_FILE = YES;
				MARKETING_VERSION = 1.0;
				PRODUCT_BUNDLE_IDENTIFIER = ahdivio.NASAGalleryUITests;
				PRODUCT_NAME = "$(TARGET_NAME)";
				SWIFT_EMIT_LOC_STRINGS = NO;
				SWIFT_VERSION = 5.0;
				TARGETED_DEVICE_FAMILY = "1,2";
				TEST_TARGET_NAME = NASAGallery;
			};
			name = Debug;
		};
		C0B272C628BF13AA00DD6D05 /* Release */ = {
			isa = XCBuildConfiguration;
			buildSettings = {
				ALWAYS_EMBED_SWIFT_STANDARD_LIBRARIES = YES;
				CODE_SIGN_STYLE = Automatic;
				CURRENT_PROJECT_VERSION = 1;
				DEVELOPMENT_TEAM = CHSQWDTYR9;
				GENERATE_INFOPLIST_FILE = YES;
				MARKETING_VERSION = 1.0;
				PRODUCT_BUNDLE_IDENTIFIER = ahdivio.NASAGalleryUITests;
				PRODUCT_NAME = "$(TARGET_NAME)";
				SWIFT_EMIT_LOC_STRINGS = NO;
				SWIFT_VERSION = 5.0;
				TARGETED_DEVICE_FAMILY = "1,2";
				TEST_TARGET_NAME = NASAGallery;
			};
			name = Release;
		};
/* End XCBuildConfiguration section */

/* Begin XCConfigurationList section */
		C0B2728F28BF13A900DD6D05 /* Build configuration list for PBXProject "NASAGallery" */ = {
			isa = XCConfigurationList;
			buildConfigurations = (
				C0B272BC28BF13AA00DD6D05 /* Debug */,
				C0B272BD28BF13AA00DD6D05 /* Release */,
			);
			defaultConfigurationIsVisible = 0;
			defaultConfigurationName = Release;
		};
		C0B272BE28BF13AA00DD6D05 /* Build configuration list for PBXNativeTarget "NASAGallery" */ = {
			isa = XCConfigurationList;
			buildConfigurations = (
				C0B272BF28BF13AA00DD6D05 /* Debug */,
				C0B272C028BF13AA00DD6D05 /* Release */,
			);
			defaultConfigurationIsVisible = 0;
			defaultConfigurationName = Release;
		};
		C0B272C128BF13AA00DD6D05 /* Build configuration list for PBXNativeTarget "NASAGalleryTests" */ = {
			isa = XCConfigurationList;
			buildConfigurations = (
				C0B272C228BF13AA00DD6D05 /* Debug */,
				C0B272C328BF13AA00DD6D05 /* Release */,
			);
			defaultConfigurationIsVisible = 0;
			defaultConfigurationName = Release;
		};
		C0B272C428BF13AA00DD6D05 /* Build configuration list for PBXNativeTarget "NASAGalleryUITests" */ = {
			isa = XCConfigurationList;
			buildConfigurations = (
				C0B272C528BF13AA00DD6D05 /* Debug */,
				C0B272C628BF13AA00DD6D05 /* Release */,
			);
			defaultConfigurationIsVisible = 0;
			defaultConfigurationName = Release;
		};
/* End XCConfigurationList section */
	};
	rootObject = C0B2728C28BF13A900DD6D05 /* Project object */;
}
